// This lockfile was autogenerated by Pants. To regenerate, run:
//
//    pants generate-lockfiles --resolve=auth
//
// --- BEGIN PANTS LOCKFILE METADATA: DO NOT EDIT OR REMOVE ---
// {
//   "version": 3,
//   "valid_for_interpreter_constraints": [
//     "CPython>=3.12"
//   ],
//   "generated_with_requirements": [
//     "fastapi<0.116.0,>=0.115.5",
//     "uvicorn[all]<0.33.0,>=0.32.0"
//   ],
//   "manylinux": "manylinux2014",
//   "requirement_constraints": [],
//   "only_binary": [],
//   "no_binary": []
// }
// --- END PANTS LOCKFILE METADATA ---

{
  "allow_builds": true,
  "allow_prereleases": false,
  "allow_wheels": true,
  "build_isolation": true,
  "constraints": [],
  "locked_resolves": [
    {
      "locked_requirements": [
        {
          "artifacts": [
            {
              "algorithm": "sha256",
              "hash": "1f02e8b43a8fbbc3f3e0d4f0f4bfc8131bcb4eebe8849b8e5c773f3a1c582a53",
              "url": "https://files.pythonhosted.org/packages/78/b6/6307fbef88d9b5ee7421e68d78a9f162e0da4900bc5f5793f6d3d0e34fb8/annotated_types-0.7.0-py3-none-any.whl"
            },
            {
              "algorithm": "sha256",
              "hash": "aff07c09a53a08bc8cfccb9c85b05f1aa9a2a6f23728d790723543408344ce89",
              "url": "https://files.pythonhosted.org/packages/ee/67/531ea369ba64dcff5ec9c3402f9f51bf748cec26dde048a2f973a4eea7f5/annotated_types-0.7.0.tar.gz"
            }
          ],
          "project_name": "annotated-types",
          "requires_dists": [
            "typing-extensions>=4.0.0; python_version < \"3.9\""
          ],
          "requires_python": ">=3.8",
          "version": "0.7.0"
        },
        {
          "artifacts": [
            {
              "algorithm": "sha256",
              "hash": "6d170c36fba3bdd840c73d3868c1e777e33676a69c3a72cf0a0d5d6d8009b61d",
              "url": "https://files.pythonhosted.org/packages/e4/f5/f2b75d2fc6f1a260f340f0e7c6a060f4dd2961cc16884ed851b0d18da06a/anyio-4.6.2.post1-py3-none-any.whl"
            },
            {
              "algorithm": "sha256",
              "hash": "4c8bc31ccdb51c7f7bd251f51c609e038d63e34219b44aa86e47576389880b4c",
              "url": "https://files.pythonhosted.org/packages/9f/09/45b9b7a6d4e45c6bcb5bf61d19e3ab87df68e0601fa8c5293de3542546cc/anyio-4.6.2.post1.tar.gz"
            }
          ],
          "project_name": "anyio",
          "requires_dists": [
            "Sphinx~=7.4; extra == \"doc\"",
            "anyio[trio]; extra == \"test\"",
            "coverage[toml]>=7; extra == \"test\"",
            "exceptiongroup>=1.0.2; python_version < \"3.11\"",
            "exceptiongroup>=1.2.0; extra == \"test\"",
            "hypothesis>=4.0; extra == \"test\"",
            "idna>=2.8",
            "packaging; extra == \"doc\"",
            "psutil>=5.9; extra == \"test\"",
            "pytest-mock>=3.6.1; extra == \"test\"",
            "pytest>=7.0; extra == \"test\"",
            "sniffio>=1.1",
            "sphinx-autodoc-typehints>=1.2.0; extra == \"doc\"",
            "sphinx-rtd-theme; extra == \"doc\"",
            "trio>=0.26.1; extra == \"trio\"",
            "trustme; extra == \"test\"",
            "truststore>=0.9.1; python_version >= \"3.10\" and extra == \"test\"",
            "typing-extensions>=4.1; python_version < \"3.11\"",
            "uvloop>=0.21.0b1; (platform_python_implementation == \"CPython\" and platform_system != \"Windows\") and extra == \"test\""
          ],
          "requires_python": ">=3.9",
          "version": "4.6.2.post1"
        },
        {
          "artifacts": [
            {
              "algorithm": "sha256",
              "hash": "ae74fb96c20a0277a1d615f1e4d73c8414f5a98db8b799a7931d1582f3390c28",
              "url": "https://files.pythonhosted.org/packages/00/2e/d53fa4befbf2cfa713304affc7ca780ce4fc1fd8710527771b58311a3229/click-8.1.7-py3-none-any.whl"
            },
            {
              "algorithm": "sha256",
              "hash": "ca9853ad459e787e2192211578cc907e7594e294c7ccc834310722b41b9ca6de",
              "url": "https://files.pythonhosted.org/packages/96/d3/f04c7bfcf5c1862a2a5b845c6b2b360488cf47af55dfa79c98f6a6bf98b5/click-8.1.7.tar.gz"
            }
          ],
          "project_name": "click",
          "requires_dists": [
            "colorama; platform_system == \"Windows\"",
            "importlib-metadata; python_version < \"3.8\""
          ],
          "requires_python": ">=3.7",
          "version": "8.1.7"
        },
        {
          "artifacts": [
            {
              "algorithm": "sha256",
              "hash": "596b95adbe1474da47049e802f9a65ab2ffa9c2b07e7efee70eb8a66c9f2f796",
              "url": "https://files.pythonhosted.org/packages/54/c4/148d5046a96c428464557264877ae5a9338a83bbe0df045088749ec89820/fastapi-0.115.5-py3-none-any.whl"
            },
            {
              "algorithm": "sha256",
              "hash": "0e7a4d0dc0d01c68df21887cce0945e72d3c48b9f4f79dfe7a7d53aa08fbb289",
              "url": "https://files.pythonhosted.org/packages/ae/29/f71316b9273b6552a263748e49cd7b83898dc9499a663d30c7b9cb853cb8/fastapi-0.115.5.tar.gz"
            }
          ],
          "project_name": "fastapi",
          "requires_dists": [
            "email-validator>=2.0.0; extra == \"all\"",
            "email-validator>=2.0.0; extra == \"standard\"",
            "fastapi-cli[standard]>=0.0.5; extra == \"all\"",
            "fastapi-cli[standard]>=0.0.5; extra == \"standard\"",
            "httpx>=0.23.0; extra == \"all\"",
            "httpx>=0.23.0; extra == \"standard\"",
            "itsdangerous>=1.1.0; extra == \"all\"",
            "jinja2>=2.11.2; extra == \"all\"",
            "jinja2>=2.11.2; extra == \"standard\"",
            "orjson>=3.2.1; extra == \"all\"",
            "pydantic!=1.8,!=1.8.1,!=2.0.0,!=2.0.1,!=2.1.0,<3.0.0,>=1.7.4",
            "pydantic-extra-types>=2.0.0; extra == \"all\"",
            "pydantic-settings>=2.0.0; extra == \"all\"",
            "python-multipart>=0.0.7; extra == \"all\"",
            "python-multipart>=0.0.7; extra == \"standard\"",
            "pyyaml>=5.3.1; extra == \"all\"",
            "starlette<0.42.0,>=0.40.0",
            "typing-extensions>=4.8.0",
            "ujson!=4.0.2,!=4.1.0,!=4.2.0,!=4.3.0,!=5.0.0,!=5.1.0,>=4.0.1; extra == \"all\"",
            "uvicorn[standard]>=0.12.0; extra == \"all\"",
            "uvicorn[standard]>=0.12.0; extra == \"standard\""
          ],
          "requires_python": ">=3.8",
          "version": "0.115.5"
        },
        {
          "artifacts": [
            {
              "algorithm": "sha256",
              "hash": "e3fe4ac4b851c468cc8363d500db52c2ead036020723024a109d37346efaa761",
              "url": "https://files.pythonhosted.org/packages/95/04/ff642e65ad6b90db43e668d70ffb6736436c7ce41fcc549f4e9472234127/h11-0.14.0-py3-none-any.whl"
            },
            {
              "algorithm": "sha256",
              "hash": "8f19fbbe99e72420ff35c00b27a34cb9937e902a8b810e2c88300c6f0a3b699d",
              "url": "https://files.pythonhosted.org/packages/f5/38/3af3d3633a34a3316095b39c8e8fb4853a28a536e55d347bd8d8e9a14b03/h11-0.14.0.tar.gz"
            }
          ],
          "project_name": "h11",
          "requires_dists": [
            "typing-extensions; python_version < \"3.8\""
          ],
          "requires_python": ">=3.7",
          "version": "0.14.0"
        },
        {
          "artifacts": [
            {
              "algorithm": "sha256",
              "hash": "946d195a0d259cbba61165e88e65941f16e9b36ea6ddb97f00452bae8b1287d3",
              "url": "https://files.pythonhosted.org/packages/76/c6/c88e154df9c4e1a2a66ccf0005a88dfb2650c1dffb6f5ce603dfbd452ce3/idna-3.10-py3-none-any.whl"
            },
            {
              "algorithm": "sha256",
              "hash": "12f65c9b470abda6dc35cf8e63cc574b1c52b11df2c86030af0ac09b01b13ea9",
              "url": "https://files.pythonhosted.org/packages/f1/70/7703c29685631f5a7590aa73f1f1d3fa9a380e654b86af429e0934a32f7d/idna-3.10.tar.gz"
            }
          ],
          "project_name": "idna",
          "requires_dists": [
            "flake8>=7.1.1; extra == \"all\"",
            "mypy>=1.11.2; extra == \"all\"",
            "pytest>=8.3.2; extra == \"all\"",
            "ruff>=0.6.2; extra == \"all\""
          ],
          "requires_python": ">=3.6",
          "version": "3.10"
        },
        {
          "artifacts": [
            {
              "algorithm": "sha256",
              "hash": "f048cec7b26778210e28a0459867920654d48e5e62db0958433636cde4254f12",
              "url": "https://files.pythonhosted.org/packages/df/e4/ba44652d562cbf0bf320e0f3810206149c8a4e99cdbf66da82e97ab53a15/pydantic-2.9.2-py3-none-any.whl"
            },
            {
              "algorithm": "sha256",
              "hash": "d155cef71265d1e9807ed1c32b4c8deec042a44a50a4188b25ac67ecd81a9c0f",
              "url": "https://files.pythonhosted.org/packages/a9/b7/d9e3f12af310e1120c21603644a1cd86f59060e040ec5c3a80b8f05fae30/pydantic-2.9.2.tar.gz"
            }
          ],
          "project_name": "pydantic",
          "requires_dists": [
            "annotated-types>=0.6.0",
            "email-validator>=2.0.0; extra == \"email\"",
            "pydantic-core==2.23.4",
            "typing-extensions>=4.12.2; python_version >= \"3.13\"",
            "typing-extensions>=4.6.1; python_version < \"3.13\"",
            "tzdata; (python_version >= \"3.9\" and sys_platform == \"win32\") and extra == \"timezone\""
          ],
          "requires_python": ">=3.8",
          "version": "2.9.2"
        },
        {
          "artifacts": [
            {
              "algorithm": "sha256",
              "hash": "ed541d70698978a20eb63d8c5d72f2cc6d7079d9d90f6b50bad07826f1320f5f",
              "url": "https://files.pythonhosted.org/packages/16/16/b805c74b35607d24d37103007f899abc4880923b04929547ae68d478b7f4/pydantic_core-2.23.4-cp313-cp313-musllinux_1_1_x86_64.whl"
            },
            {
              "algorithm": "sha256",
              "hash": "696dd8d674d6ce621ab9d45b205df149399e4bb9aa34102c970b721554828510",
              "url": "https://files.pythonhosted.org/packages/04/be/5e49376769bfbf82486da6c5c1683b891809365c20d7c7e52792ce4c71f3/pydantic_core-2.23.4-cp313-cp313-manylinux_2_17_ppc64le.manylinux2014_ppc64le.whl"
            },
            {
              "algorithm": "sha256",
              "hash": "128585782e5bfa515c590ccee4b727fb76925dd04a98864182b22e89a4e6ed36",
              "url": "https://files.pythonhosted.org/packages/06/c8/7d4b708f8d05a5cbfda3243aad468052c6e99de7d0937c9146c24d9f12e9/pydantic_core-2.23.4-cp312-cp312-manylinux_2_17_x86_64.manylinux2014_x86_64.whl"
            },
            {
              "algorithm": "sha256",
              "hash": "f69a8e0b033b747bb3e36a44e7732f0c99f7edd5cea723d45bc0d6e95377ffee",
              "url": "https://files.pythonhosted.org/packages/14/de/866bdce10ed808323d437612aca1ec9971b981e1c52e5e42ad9b8e17a6f6/pydantic_core-2.23.4-cp312-cp312-macosx_11_0_arm64.whl"
            },
            {
              "algorithm": "sha256",
              "hash": "33e3d65a85a2a4a0dc3b092b938a4062b1a05f3a9abde65ea93b233bca0e03f2",
              "url": "https://files.pythonhosted.org/packages/2d/ad/b5f0fe9e6cfee915dd144edbd10b6e9c9c9c9d7a56b69256d124b8ac682e/pydantic_core-2.23.4-cp312-cp312-manylinux_2_17_s390x.manylinux2014_s390x.whl"
            },
            {
              "algorithm": "sha256",
              "hash": "0cb3da3fd1b6a5d0279a01877713dbda118a2a4fc6f0d821a57da2e464793f05",
              "url": "https://files.pythonhosted.org/packages/4e/48/e813f3bbd257a712303ebdf55c8dc46f9589ec74b384c9f652597df3288d/pydantic_core-2.23.4-cp313-cp313-manylinux_2_17_aarch64.manylinux2014_aarch64.whl"
            },
            {
              "algorithm": "sha256",
              "hash": "f3e0da4ebaef65158d4dfd7d3678aad692f7666877df0002b8a522cdf088f231",
              "url": "https://files.pythonhosted.org/packages/74/7b/8e315f80666194b354966ec84b7d567da77ad927ed6323db4006cf915f3f/pydantic_core-2.23.4-cp312-cp312-macosx_10_12_x86_64.whl"
            },
            {
              "algorithm": "sha256",
              "hash": "0dff76e0602ca7d4cdaacc1ac4c005e0ce0dcfe095d5b5259163a80d3a10d327",
              "url": "https://files.pythonhosted.org/packages/7c/45/bdce5779b59f468bdf262a5bc9eecbae87f271c51aef628d8c073b4b4b4c/pydantic_core-2.23.4-cp313-cp313-manylinux_2_5_i686.manylinux1_i686.whl"
            },
            {
              "algorithm": "sha256",
              "hash": "bb2802e667b7051a1bebbfe93684841cc9351004e2badbd6411bf357ab8d5ac8",
              "url": "https://files.pythonhosted.org/packages/80/33/9c24334e3af796ce80d2274940aae38dd4e5676298b4398eff103a79e02d/pydantic_core-2.23.4-cp312-cp312-manylinux_2_17_armv7l.manylinux2014_armv7l.whl"
            },
            {
              "algorithm": "sha256",
              "hash": "68665f4c17edcceecc112dfed5dbe6f92261fb9d6054b47d01bf6371a6196126",
              "url": "https://files.pythonhosted.org/packages/89/4d/3079d00c47f22c9a9a8220db088b309ad6e600a73d7a69473e3a8e5e3ea3/pydantic_core-2.23.4-cp312-cp312-manylinux_2_5_i686.manylinux1_i686.whl"
            },
            {
              "algorithm": "sha256",
              "hash": "d18ca8148bebe1b0a382a27a8ee60350091a6ddaf475fa05ef50dc35b5df6327",
              "url": "https://files.pythonhosted.org/packages/a5/6f/e9567fd90104b79b101ca9d120219644d3314962caa7948dd8b965e9f83e/pydantic_core-2.23.4-cp312-cp312-manylinux_2_17_ppc64le.manylinux2014_ppc64le.whl"
            },
            {
              "algorithm": "sha256",
              "hash": "7530e201d10d7d14abce4fb54cfe5b94a0aefc87da539d0346a484ead376c3cc",
              "url": "https://files.pythonhosted.org/packages/ad/ef/16ee2df472bf0e419b6bc68c05bf0145c49247a1095e85cee1463c6a44a1/pydantic_core-2.23.4-cp313-cp313-macosx_10_12_x86_64.whl"
            },
            {
              "algorithm": "sha256",
              "hash": "42c6dcb030aefb668a2b7009c85b27f90e51e6a3b4d5c9bc4c57631292015b0d",
              "url": "https://files.pythonhosted.org/packages/b4/e0/56eda3a37929a1d297fcab1966db8c339023bcca0b64c5a84896db3fcc5c/pydantic_core-2.23.4-cp313-cp313-manylinux_2_17_armv7l.manylinux2014_armv7l.whl"
            },
            {
              "algorithm": "sha256",
              "hash": "2971bb5ffe72cc0f555c13e19b23c85b654dd2a8f7ab493c262071377bfce9f6",
              "url": "https://files.pythonhosted.org/packages/bc/24/e3ee6c04f1d58cc15f37bcc62f32c7478ff55142b7b3e6d42ea374ea427c/pydantic_core-2.23.4-cp313-cp313-manylinux_2_17_s390x.manylinux2014_s390x.whl"
            },
            {
              "algorithm": "sha256",
              "hash": "8394d940e5d400d04cad4f75c0598665cbb81aecefaca82ca85bd28264af7f9b",
              "url": "https://files.pythonhosted.org/packages/c1/f8/11a9006de4e89d016b8de74ebb1db727dc100608bb1e6bbe9d56a3cbbcce/pydantic_core-2.23.4-cp313-cp313-manylinux_2_17_x86_64.manylinux2014_x86_64.whl"
            },
            {
              "algorithm": "sha256",
              "hash": "7d32706badfe136888bdea71c0def994644e09fff0bfe47441deaed8e96fdbc6",
              "url": "https://files.pythonhosted.org/packages/d8/fa/c648308fe711ee1f88192cad6026ab4f925396d1293e8356de7e55be89b5/pydantic_core-2.23.4-cp313-cp313-musllinux_1_1_aarch64.whl"
            },
            {
              "algorithm": "sha256",
              "hash": "df933278128ea1cd77772673c73954e53a1c95a4fdf41eef97c2b779271bd0bd",
              "url": "https://files.pythonhosted.org/packages/da/fa/bc3dbb83605669a34a93308e297ab22be82dfb9dcf88c6cf4b4f264e0a42/pydantic_core-2.23.4-cp313-cp313-macosx_11_0_arm64.whl"
            },
            {
              "algorithm": "sha256",
              "hash": "723314c1d51722ab28bfcd5240d858512ffd3116449c557a1336cbe3919beb87",
              "url": "https://files.pythonhosted.org/packages/dc/69/8edd5c3cd48bb833a3f7ef9b81d7666ccddd3c9a635225214e044b6e8281/pydantic_core-2.23.4-cp312-cp312-manylinux_2_17_aarch64.manylinux2014_aarch64.whl"
            },
            {
              "algorithm": "sha256",
              "hash": "2584f7cf844ac4d970fba483a717dbe10c1c1c96a969bf65d61ffe94df1b2863",
              "url": "https://files.pythonhosted.org/packages/e2/aa/6b6a9b9f8537b872f552ddd46dd3da230367754b6f707b8e1e963f515ea3/pydantic_core-2.23.4.tar.gz"
            },
            {
              "algorithm": "sha256",
              "hash": "9261d3ce84fa1d38ed649c3638feefeae23d32ba9182963e465d58d62203bd24",
              "url": "https://files.pythonhosted.org/packages/e3/b9/41f7efe80f6ce2ed3ee3c2dcfe10ab7adc1172f778cc9659509a79518c43/pydantic_core-2.23.4-cp312-cp312-musllinux_1_1_x86_64.whl"
            },
            {
              "algorithm": "sha256",
              "hash": "20152074317d9bed6b7a95ade3b7d6054845d70584216160860425f4fbd5ee9e",
              "url": "https://files.pythonhosted.org/packages/e9/88/9df5b7ce880a4703fcc2d76c8c2d8eb9f861f79d0c56f4b8f5f2607ccec8/pydantic_core-2.23.4-cp312-cp312-musllinux_1_1_aarch64.whl"
            }
          ],
          "project_name": "pydantic-core",
          "requires_dists": [
            "typing-extensions!=4.7.0,>=4.6.0"
          ],
          "requires_python": ">=3.8",
          "version": "2.23.4"
        },
        {
          "artifacts": [
            {
              "algorithm": "sha256",
              "hash": "2f6da418d1f1e0fddd844478f41680e794e6051915791a034ff65e5f100525a2",
              "url": "https://files.pythonhosted.org/packages/e9/44/75a9c9421471a6c4805dbf2356f7c181a29c1879239abab1ea2cc8f38b40/sniffio-1.3.1-py3-none-any.whl"
            },
            {
              "algorithm": "sha256",
              "hash": "f4324edc670a0f49750a81b895f35c3adb843cca46f0530f79fc1babb23789dc",
              "url": "https://files.pythonhosted.org/packages/a2/87/a6771e1546d97e7e041b6ae58d80074f81b7d5121207425c964ddf5cfdbd/sniffio-1.3.1.tar.gz"
            }
          ],
          "project_name": "sniffio",
          "requires_dists": [],
          "requires_python": ">=3.7",
          "version": "1.3.1"
        },
        {
          "artifacts": [
            {
              "algorithm": "sha256",
              "hash": "fbc189474b4731cf30fcef52f18a8d070e3f3b46c6a04c97579e85e6ffca942d",
              "url": "https://files.pythonhosted.org/packages/54/43/f185bfd0ca1d213beb4293bed51d92254df23d8ceaf6c0e17146d508a776/starlette-0.41.2-py3-none-any.whl"
            },
            {
              "algorithm": "sha256",
              "hash": "9834fd799d1a87fd346deb76158668cfa0b0d56f85caefe8268e2d97c3468b62",
              "url": "https://files.pythonhosted.org/packages/3e/da/1fb4bdb72ae12b834becd7e1e7e47001d32f91ec0ce8d7bc1b618d9f0bd9/starlette-0.41.2.tar.gz"
            }
          ],
          "project_name": "starlette",
          "requires_dists": [
            "anyio<5,>=3.4.0",
            "httpx>=0.22.0; extra == \"full\"",
            "itsdangerous; extra == \"full\"",
            "jinja2; extra == \"full\"",
            "python-multipart>=0.0.7; extra == \"full\"",
            "pyyaml; extra == \"full\"",
            "typing-extensions>=3.10.0; python_version < \"3.10\""
          ],
          "requires_python": ">=3.8",
          "version": "0.41.2"
        },
        {
          "artifacts": [
            {
              "algorithm": "sha256",
              "hash": "04e5ca0351e0f3f85c6853954072df659d0d13fac324d0072316b67d7794700d",
              "url": "https://files.pythonhosted.org/packages/26/9f/ad63fc0248c5379346306f8668cda6e2e2e9c95e01216d2b8ffd9ff037d0/typing_extensions-4.12.2-py3-none-any.whl"
            },
            {
              "algorithm": "sha256",
              "hash": "1a7ead55c7e559dd4dee8856e3a88b41225abfe1ce8df57b7c13915fe121ffb8",
              "url": "https://files.pythonhosted.org/packages/df/db/f35a00659bc03fec321ba8bce9420de607a1d37f8342eee1863174c69557/typing_extensions-4.12.2.tar.gz"
            }
          ],
          "project_name": "typing-extensions",
          "requires_dists": [],
          "requires_python": ">=3.8",
          "version": "4.12.2"
        },
        {
          "artifacts": [
            {
              "algorithm": "sha256",
              "hash": "60b8f3a5ac027dcd31448f411ced12b5ef452c646f76f02f8cc3f25d8d26fd82",
              "url": "https://files.pythonhosted.org/packages/eb/14/78bd0e95dd2444b6caacbca2b730671d4295ccb628ef58b81bee903629df/uvicorn-0.32.0-py3-none-any.whl"
            },
            {
              "algorithm": "sha256",
              "hash": "f78b36b143c16f54ccdb8190d0a26b5f1901fe5a3c777e1ab29f26391af8551e",
              "url": "https://files.pythonhosted.org/packages/e0/fc/1d785078eefd6945f3e5bab5c076e4230698046231eb0f3747bc5c8fa992/uvicorn-0.32.0.tar.gz"
            }
          ],
          "project_name": "uvicorn",
          "requires_dists": [
            "click>=7.0",
            "colorama>=0.4; sys_platform == \"win32\" and extra == \"standard\"",
            "h11>=0.8",
            "httptools>=0.5.0; extra == \"standard\"",
            "python-dotenv>=0.13; extra == \"standard\"",
            "pyyaml>=5.1; extra == \"standard\"",
            "typing-extensions>=4.0; python_version < \"3.11\"",
            "uvloop!=0.15.0,!=0.15.1,>=0.14.0; (sys_platform != \"win32\" and (sys_platform != \"cygwin\" and platform_python_implementation != \"PyPy\")) and extra == \"standard\"",
            "watchfiles>=0.13; extra == \"standard\"",
            "websockets>=10.4; extra == \"standard\""
          ],
          "requires_python": ">=3.8",
          "version": "0.32.0"
        }
      ],
      "platform_tag": null
    }
  ],
  "only_builds": [],
  "only_wheels": [],
  "path_mappings": {},
  "pex_version": "2.3.1",
  "pip_version": "24.0",
  "prefer_older_binary": false,
  "requirements": [
    "fastapi<0.116.0,>=0.115.5",
    "uvicorn[all]<0.33.0,>=0.32.0"
  ],
  "requires_python": [
    ">=3.12"
  ],
  "resolver_version": "pip-2020-resolver",
  "style": "universal",
  "target_systems": [
    "linux",
    "mac"
  ],
  "transitive": true,
  "use_pep517": null
}
