// This lockfile was autogenerated by Pants. To regenerate, run:
//
//    pants generate-lockfiles --resolve=gateway
//
// --- BEGIN PANTS LOCKFILE METADATA: DO NOT EDIT OR REMOVE ---
// {
//   "version": 3,
//   "valid_for_interpreter_constraints": [
//     "CPython>=3.12"
//   ],
//   "generated_with_requirements": [
//     "faker<34.0.0,>=33.0.0",
//     "fastapi<0.116.0,>=0.115.5",
//     "punq<0.8.0,>=0.7.0",
//     "pydantic-settings<3.0.0,>=2.6.1",
//     "pytest-asyncio<0.25.0,>=0.24.0",
//     "pytest<9.0.0,>=8.3.3",
//     "uvicorn[all]<0.33.0,>=0.32.0"
//   ],
//   "manylinux": "manylinux2014",
//   "requirement_constraints": [],
//   "only_binary": [],
//   "no_binary": []
// }
// --- END PANTS LOCKFILE METADATA ---

{
  "allow_builds": true,
  "allow_prereleases": false,
  "allow_wheels": true,
  "build_isolation": true,
  "constraints": [],
  "locked_resolves": [
    {
      "locked_requirements": [
        {
          "artifacts": [
            {
              "algorithm": "sha256",
              "hash": "1f02e8b43a8fbbc3f3e0d4f0f4bfc8131bcb4eebe8849b8e5c773f3a1c582a53",
              "url": "https://files.pythonhosted.org/packages/78/b6/6307fbef88d9b5ee7421e68d78a9f162e0da4900bc5f5793f6d3d0e34fb8/annotated_types-0.7.0-py3-none-any.whl"
            },
            {
              "algorithm": "sha256",
              "hash": "aff07c09a53a08bc8cfccb9c85b05f1aa9a2a6f23728d790723543408344ce89",
              "url": "https://files.pythonhosted.org/packages/ee/67/531ea369ba64dcff5ec9c3402f9f51bf748cec26dde048a2f973a4eea7f5/annotated_types-0.7.0.tar.gz"
            }
          ],
          "project_name": "annotated-types",
          "requires_dists": [
            "typing-extensions>=4.0.0; python_version < \"3.9\""
          ],
          "requires_python": ">=3.8",
          "version": "0.7.0"
        },
        {
          "artifacts": [
            {
              "algorithm": "sha256",
              "hash": "6d170c36fba3bdd840c73d3868c1e777e33676a69c3a72cf0a0d5d6d8009b61d",
              "url": "https://files.pythonhosted.org/packages/e4/f5/f2b75d2fc6f1a260f340f0e7c6a060f4dd2961cc16884ed851b0d18da06a/anyio-4.6.2.post1-py3-none-any.whl"
            },
            {
              "algorithm": "sha256",
              "hash": "4c8bc31ccdb51c7f7bd251f51c609e038d63e34219b44aa86e47576389880b4c",
              "url": "https://files.pythonhosted.org/packages/9f/09/45b9b7a6d4e45c6bcb5bf61d19e3ab87df68e0601fa8c5293de3542546cc/anyio-4.6.2.post1.tar.gz"
            }
          ],
          "project_name": "anyio",
          "requires_dists": [
            "Sphinx~=7.4; extra == \"doc\"",
            "anyio[trio]; extra == \"test\"",
            "coverage[toml]>=7; extra == \"test\"",
            "exceptiongroup>=1.0.2; python_version < \"3.11\"",
            "exceptiongroup>=1.2.0; extra == \"test\"",
            "hypothesis>=4.0; extra == \"test\"",
            "idna>=2.8",
            "packaging; extra == \"doc\"",
            "psutil>=5.9; extra == \"test\"",
            "pytest-mock>=3.6.1; extra == \"test\"",
            "pytest>=7.0; extra == \"test\"",
            "sniffio>=1.1",
            "sphinx-autodoc-typehints>=1.2.0; extra == \"doc\"",
            "sphinx-rtd-theme; extra == \"doc\"",
            "trio>=0.26.1; extra == \"trio\"",
            "trustme; extra == \"test\"",
            "truststore>=0.9.1; python_version >= \"3.10\" and extra == \"test\"",
            "typing-extensions>=4.1; python_version < \"3.11\"",
            "uvloop>=0.21.0b1; (platform_python_implementation == \"CPython\" and platform_system != \"Windows\") and extra == \"test\""
          ],
          "requires_python": ">=3.9",
          "version": "4.6.2.post1"
        },
        {
          "artifacts": [
            {
              "algorithm": "sha256",
              "hash": "ae74fb96c20a0277a1d615f1e4d73c8414f5a98db8b799a7931d1582f3390c28",
              "url": "https://files.pythonhosted.org/packages/00/2e/d53fa4befbf2cfa713304affc7ca780ce4fc1fd8710527771b58311a3229/click-8.1.7-py3-none-any.whl"
            },
            {
              "algorithm": "sha256",
              "hash": "ca9853ad459e787e2192211578cc907e7594e294c7ccc834310722b41b9ca6de",
              "url": "https://files.pythonhosted.org/packages/96/d3/f04c7bfcf5c1862a2a5b845c6b2b360488cf47af55dfa79c98f6a6bf98b5/click-8.1.7.tar.gz"
            }
          ],
          "project_name": "click",
          "requires_dists": [
            "colorama; platform_system == \"Windows\"",
            "importlib-metadata; python_version < \"3.8\""
          ],
          "requires_python": ">=3.7",
          "version": "8.1.7"
        },
        {
          "artifacts": [
            {
              "algorithm": "sha256",
              "hash": "68e5580cb6b4226710886e595eabc13127149d6e71e9d1db65506a7fbe2c7fce",
              "url": "https://files.pythonhosted.org/packages/c0/c3/0451555e7a9a233bc17f128cff7654ec60036d4ccbb8397dd949f28df176/Faker-33.0.0-py3-none-any.whl"
            },
            {
              "algorithm": "sha256",
              "hash": "9b01019c1ddaf2253ca2308c0472116e993f4ad8fc9905f82fa965e0c6f932e9",
              "url": "https://files.pythonhosted.org/packages/5b/c7/0782eb872b96ee571701237be0dd85aef3713a15045ba42752a8aac7c8ce/faker-33.0.0.tar.gz"
            }
          ],
          "project_name": "faker",
          "requires_dists": [
            "python-dateutil>=2.4",
            "typing-extensions"
          ],
          "requires_python": ">=3.8",
          "version": "33.0.0"
        },
        {
          "artifacts": [
            {
              "algorithm": "sha256",
              "hash": "596b95adbe1474da47049e802f9a65ab2ffa9c2b07e7efee70eb8a66c9f2f796",
              "url": "https://files.pythonhosted.org/packages/54/c4/148d5046a96c428464557264877ae5a9338a83bbe0df045088749ec89820/fastapi-0.115.5-py3-none-any.whl"
            },
            {
              "algorithm": "sha256",
              "hash": "0e7a4d0dc0d01c68df21887cce0945e72d3c48b9f4f79dfe7a7d53aa08fbb289",
              "url": "https://files.pythonhosted.org/packages/ae/29/f71316b9273b6552a263748e49cd7b83898dc9499a663d30c7b9cb853cb8/fastapi-0.115.5.tar.gz"
            }
          ],
          "project_name": "fastapi",
          "requires_dists": [
            "email-validator>=2.0.0; extra == \"all\"",
            "email-validator>=2.0.0; extra == \"standard\"",
            "fastapi-cli[standard]>=0.0.5; extra == \"all\"",
            "fastapi-cli[standard]>=0.0.5; extra == \"standard\"",
            "httpx>=0.23.0; extra == \"all\"",
            "httpx>=0.23.0; extra == \"standard\"",
            "itsdangerous>=1.1.0; extra == \"all\"",
            "jinja2>=2.11.2; extra == \"all\"",
            "jinja2>=2.11.2; extra == \"standard\"",
            "orjson>=3.2.1; extra == \"all\"",
            "pydantic!=1.8,!=1.8.1,!=2.0.0,!=2.0.1,!=2.1.0,<3.0.0,>=1.7.4",
            "pydantic-extra-types>=2.0.0; extra == \"all\"",
            "pydantic-settings>=2.0.0; extra == \"all\"",
            "python-multipart>=0.0.7; extra == \"all\"",
            "python-multipart>=0.0.7; extra == \"standard\"",
            "pyyaml>=5.3.1; extra == \"all\"",
            "starlette<0.42.0,>=0.40.0",
            "typing-extensions>=4.8.0",
            "ujson!=4.0.2,!=4.1.0,!=4.2.0,!=4.3.0,!=5.0.0,!=5.1.0,>=4.0.1; extra == \"all\"",
            "uvicorn[standard]>=0.12.0; extra == \"all\"",
            "uvicorn[standard]>=0.12.0; extra == \"standard\""
          ],
          "requires_python": ">=3.8",
          "version": "0.115.5"
        },
        {
          "artifacts": [
            {
              "algorithm": "sha256",
              "hash": "e3fe4ac4b851c468cc8363d500db52c2ead036020723024a109d37346efaa761",
              "url": "https://files.pythonhosted.org/packages/95/04/ff642e65ad6b90db43e668d70ffb6736436c7ce41fcc549f4e9472234127/h11-0.14.0-py3-none-any.whl"
            },
            {
              "algorithm": "sha256",
              "hash": "8f19fbbe99e72420ff35c00b27a34cb9937e902a8b810e2c88300c6f0a3b699d",
              "url": "https://files.pythonhosted.org/packages/f5/38/3af3d3633a34a3316095b39c8e8fb4853a28a536e55d347bd8d8e9a14b03/h11-0.14.0.tar.gz"
            }
          ],
          "project_name": "h11",
          "requires_dists": [
            "typing-extensions; python_version < \"3.8\""
          ],
          "requires_python": ">=3.7",
          "version": "0.14.0"
        },
        {
          "artifacts": [
            {
              "algorithm": "sha256",
              "hash": "946d195a0d259cbba61165e88e65941f16e9b36ea6ddb97f00452bae8b1287d3",
              "url": "https://files.pythonhosted.org/packages/76/c6/c88e154df9c4e1a2a66ccf0005a88dfb2650c1dffb6f5ce603dfbd452ce3/idna-3.10-py3-none-any.whl"
            },
            {
              "algorithm": "sha256",
              "hash": "12f65c9b470abda6dc35cf8e63cc574b1c52b11df2c86030af0ac09b01b13ea9",
              "url": "https://files.pythonhosted.org/packages/f1/70/7703c29685631f5a7590aa73f1f1d3fa9a380e654b86af429e0934a32f7d/idna-3.10.tar.gz"
            }
          ],
          "project_name": "idna",
          "requires_dists": [
            "flake8>=7.1.1; extra == \"all\"",
            "mypy>=1.11.2; extra == \"all\"",
            "pytest>=8.3.2; extra == \"all\"",
            "ruff>=0.6.2; extra == \"all\""
          ],
          "requires_python": ">=3.6",
          "version": "3.10"
        },
        {
          "artifacts": [
            {
              "algorithm": "sha256",
              "hash": "b6a85871a79d2e3b22d2d1b94ac2824226a63c6b741c88f7ae975f18b6778374",
              "url": "https://files.pythonhosted.org/packages/ef/a6/62565a6e1cf69e10f5727360368e451d4b7f58beeac6173dc9db836a5b46/iniconfig-2.0.0-py3-none-any.whl"
            },
            {
              "algorithm": "sha256",
              "hash": "2d91e135bf72d31a410b17c16da610a82cb55f6b0477d1a902134b24a455b8b3",
              "url": "https://files.pythonhosted.org/packages/d7/4b/cbd8e699e64a6f16ca3a8220661b5f83792b3017d0f79807cb8708d33913/iniconfig-2.0.0.tar.gz"
            }
          ],
          "project_name": "iniconfig",
          "requires_dists": [],
          "requires_python": ">=3.7",
          "version": "2.0.0"
        },
        {
          "artifacts": [
            {
              "algorithm": "sha256",
              "hash": "09abb1bccd265c01f4a3aa3f7a7db064b36514d2cba19a2f694fe6150451a759",
              "url": "https://files.pythonhosted.org/packages/88/ef/eb23f262cca3c0c4eb7ab1933c3b1f03d021f2c48f54763065b6f0e321be/packaging-24.2-py3-none-any.whl"
            },
            {
              "algorithm": "sha256",
              "hash": "c228a6dc5e932d346bc5739379109d49e8853dd8223571c7c5b55260edc0b97f",
              "url": "https://files.pythonhosted.org/packages/d0/63/68dbb6eb2de9cb10ee4c9c14a0148804425e13c4fb20d61cce69f53106da/packaging-24.2.tar.gz"
            }
          ],
          "project_name": "packaging",
          "requires_dists": [],
          "requires_python": ">=3.8",
          "version": "24.2"
        },
        {
          "artifacts": [
            {
              "algorithm": "sha256",
              "hash": "44e1ad92c8ca002de6377e165f3e0f1be63266ab4d554740532335b9d75ea669",
              "url": "https://files.pythonhosted.org/packages/88/5f/e351af9a41f866ac3f1fac4ca0613908d9a41741cfcf2228f4ad853b697d/pluggy-1.5.0-py3-none-any.whl"
            },
            {
              "algorithm": "sha256",
              "hash": "2cffa88e94fdc978c4c574f15f9e59b7f4201d439195c3715ca9e2486f1d0cf1",
              "url": "https://files.pythonhosted.org/packages/96/2d/02d4312c973c6050a18b314a5ad0b3210edb65a906f868e31c111dede4a6/pluggy-1.5.0.tar.gz"
            }
          ],
          "project_name": "pluggy",
          "requires_dists": [
            "pre-commit; extra == \"dev\"",
            "pytest-benchmark; extra == \"testing\"",
            "pytest; extra == \"testing\"",
            "tox; extra == \"dev\""
          ],
          "requires_python": ">=3.8",
          "version": "1.5.0"
        },
        {
          "artifacts": [
            {
              "algorithm": "sha256",
              "hash": "7e0aca446c36a73674ec3fc078ec5e90e7a172ee349537d075ff20d73c3b1810",
              "url": "https://files.pythonhosted.org/packages/92/6a/c89602766d4416371eb801c3de89eda45fcea4435836ba7c01d1da88d47a/punq-0.7.0-py3-none-any.whl"
            },
            {
              "algorithm": "sha256",
              "hash": "bb7a6cc75a2e7d51b861b0e11f4830a12617b3ee33dbced9ce2be6a98ba39d63",
              "url": "https://files.pythonhosted.org/packages/e6/f1/c31e86ce1ab85837d8e6a6868163bae3afaef01c49d45f1bfa479c1a5b90/punq-0.7.0.tar.gz"
            }
          ],
          "project_name": "punq",
          "requires_dists": [],
          "requires_python": "<4.0,>=3.8.1",
          "version": "0.7.0"
        },
        {
          "artifacts": [
            {
              "algorithm": "sha256",
              "hash": "a8d20db84de64cf4a7d59e899c2caf0fe9d660c7cfc482528e7020d7dd189a7e",
              "url": "https://files.pythonhosted.org/packages/e0/fc/fda48d347bd50a788dd2a0f318a52160f911b86fc2d8b4c86f4d7c9bceea/pydantic-2.10.1-py3-none-any.whl"
            },
            {
              "algorithm": "sha256",
              "hash": "a4daca2dc0aa429555e0656d6bf94873a7dc5f54ee42b1f5873d666fb3f35560",
              "url": "https://files.pythonhosted.org/packages/c4/bd/7fc610993f616d2398958d0028d15eaf53bde5f80cb2edb7aa4f1feaf3a7/pydantic-2.10.1.tar.gz"
            }
          ],
          "project_name": "pydantic",
          "requires_dists": [
            "annotated-types>=0.6.0",
            "email-validator>=2.0.0; extra == \"email\"",
            "pydantic-core==2.27.1",
            "typing-extensions>=4.12.2",
            "tzdata; (python_version >= \"3.9\" and platform_system == \"Windows\") and extra == \"timezone\""
          ],
          "requires_python": ">=3.8",
          "version": "2.10.1"
        },
        {
          "artifacts": [
            {
              "algorithm": "sha256",
              "hash": "58ca98a950171f3151c603aeea9303ef6c235f692fe555e883591103da709b23",
              "url": "https://files.pythonhosted.org/packages/ba/cc/8491fff5b608b3862eb36e7d29d36a1af1c945463ca4c5040bf46cc73f40/pydantic_core-2.27.1-cp313-cp313-musllinux_1_1_x86_64.whl"
            },
            {
              "algorithm": "sha256",
              "hash": "a2e02889071850bbfd36b56fd6bc98945e23670773bc7a76657e90e6b6603c08",
              "url": "https://files.pythonhosted.org/packages/07/42/d35033f81a28b27dedcade9e967e8a40981a765795c9ebae2045bcef05d3/pydantic_core-2.27.1-cp313-cp313-macosx_11_0_arm64.whl"
            },
            {
              "algorithm": "sha256",
              "hash": "f216dbce0e60e4d03e0c4353c7023b202d95cbaeff12e5fd2e82ea0a66905073",
              "url": "https://files.pythonhosted.org/packages/0f/d6/91cb99a3c59d7b072bded9959fbeab0a9613d5a4935773c0801f1764c156/pydantic_core-2.27.1-cp313-cp313-macosx_10_12_x86_64.whl"
            },
            {
              "algorithm": "sha256",
              "hash": "15aae984e46de8d376df515f00450d1522077254ef6b7ce189b38ecee7c9677c",
              "url": "https://files.pythonhosted.org/packages/2c/9d/e1d6c4561d262b52e41b17a7ef8301e2ba80b61e32e94520271029feb5d8/pydantic_core-2.27.1-cp312-cp312-manylinux_2_17_aarch64.manylinux2014_aarch64.whl"
            },
            {
              "algorithm": "sha256",
              "hash": "42b0e23f119b2b456d07ca91b307ae167cc3f6c846a7b169fca5326e32fdc6cf",
              "url": "https://files.pythonhosted.org/packages/41/c2/491b59e222ec7e72236e512108ecad532c7f4391a14e971c963f624f7569/pydantic_core-2.27.1-cp313-cp313-manylinux_2_17_aarch64.manylinux2014_aarch64.whl"
            },
            {
              "algorithm": "sha256",
              "hash": "3ccaa88b24eebc0f849ce0a4d09e8a408ec5a94afff395eb69baf868f5183107",
              "url": "https://files.pythonhosted.org/packages/42/01/295f0bd4abf58902917e342ddfe5f76cf66ffabfc57c2e23c7681a1a1197/pydantic_core-2.27.1-cp313-cp313-manylinux_2_17_s390x.manylinux2014_s390x.whl"
            },
            {
              "algorithm": "sha256",
              "hash": "a0697803ed7d4af5e4c1adf1670af078f8fcab7a86350e969f454daf598c4960",
              "url": "https://files.pythonhosted.org/packages/55/b7/e26adf48c2f943092ce54ae14c3c08d0d221ad34ce80b18a50de8ed2cba8/pydantic_core-2.27.1-cp313-cp313-musllinux_1_1_armv7l.whl"
            },
            {
              "algorithm": "sha256",
              "hash": "1c00666a3bd2f84920a4e94434f5974d7bbc57e461318d6bb34ce9cdbbc1f6b2",
              "url": "https://files.pythonhosted.org/packages/5f/97/be804aed6b479af5a945daec7538d8bf358d668bdadde4c7888a2506bdfb/pydantic_core-2.27.1-cp313-cp313-manylinux_2_17_ppc64le.manylinux2014_ppc64le.whl"
            },
            {
              "algorithm": "sha256",
              "hash": "206b5cf6f0c513baffaeae7bd817717140770c74528f3e4c3e1cec7871ddd61a",
              "url": "https://files.pythonhosted.org/packages/73/ae/9d0980e286627e0aeca4c352a60bd760331622c12d576e5ea4441ac7e15e/pydantic_core-2.27.1-cp313-cp313-manylinux_2_5_i686.manylinux1_i686.whl"
            },
            {
              "algorithm": "sha256",
              "hash": "dc61505e73298a84a2f317255fcc72b710b72980f3a1f670447a21efc88f8381",
              "url": "https://files.pythonhosted.org/packages/77/29/4bb008823a7f4cc05828198153f9753b3bd4c104d93b8e0b1bfe4e187540/pydantic_core-2.27.1-cp312-cp312-musllinux_1_1_aarch64.whl"
            },
            {
              "algorithm": "sha256",
              "hash": "5f8c4718cd44ec1580e180cb739713ecda2bdee1341084c1467802a417fe0f02",
              "url": "https://files.pythonhosted.org/packages/7b/9e/f8063952e4a7d0127f5d1181addef9377505dcce3be224263b25c4f0bfd9/pydantic_core-2.27.1-cp312-cp312-macosx_11_0_arm64.whl"
            },
            {
              "algorithm": "sha256",
              "hash": "7597c07fbd11515f654d6ece3d0e4e5093edc30a436c63142d9a4b8e22f19c35",
              "url": "https://files.pythonhosted.org/packages/8a/c6/8ae0831bf77f356bb73127ce5a95fe115b10f820ea480abbd72d3cc7ccf3/pydantic_core-2.27.1-cp312-cp312-manylinux_2_17_x86_64.manylinux2014_x86_64.whl"
            },
            {
              "algorithm": "sha256",
              "hash": "c65af9088ac534313e1963443d0ec360bb2b9cba6c2909478d22c2e363d98a51",
              "url": "https://files.pythonhosted.org/packages/9d/a0/cd8e9c940ead89cc37812a1a9f310fef59ba2f0b22b4e417d84ab09fa970/pydantic_core-2.27.1-cp313-cp313-manylinux_2_17_x86_64.manylinux2014_x86_64.whl"
            },
            {
              "algorithm": "sha256",
              "hash": "62a763352879b84aa31058fc931884055fd75089cccbd9d58bb6afd01141b235",
              "url": "https://files.pythonhosted.org/packages/a6/9f/7de1f19b6aea45aeb441838782d68352e71bfa98ee6fa048d5041991b33e/pydantic_core-2.27.1.tar.gz"
            },
            {
              "algorithm": "sha256",
              "hash": "0325336f348dbee6550d129b1627cb8f5351a9dc91aad141ffb96d4937bd9529",
              "url": "https://files.pythonhosted.org/packages/b1/e2/4ab72d93367194317b99d051947c071aef6e3eb95f7553eaa4208ecf9ba4/pydantic_core-2.27.1-cp312-cp312-manylinux_2_17_s390x.manylinux2014_s390x.whl"
            },
            {
              "algorithm": "sha256",
              "hash": "9cbd94fc661d2bab2bc702cddd2d3370bbdcc4cd0f8f57488a81bcce90c7a54f",
              "url": "https://files.pythonhosted.org/packages/be/51/2e9b3788feb2aebff2aa9dfbf060ec739b38c05c46847601134cc1fed2ea/pydantic_core-2.27.1-cp312-cp312-macosx_10_12_x86_64.whl"
            },
            {
              "algorithm": "sha256",
              "hash": "1ba5e3963344ff25fc8c40da90f44b0afca8cfd89d12964feb79ac1411a260ac",
              "url": "https://files.pythonhosted.org/packages/be/65/80ff46de4266560baa4332ae3181fffc4488ea7d37282da1a62d10ab89a4/pydantic_core-2.27.1-cp312-cp312-manylinux_2_17_armv7l.manylinux2014_armv7l.whl"
            },
            {
              "algorithm": "sha256",
              "hash": "062f60e512fc7fff8b8a9d680ff0ddaaef0193dba9fa83e679c0c5f5fbd018bc",
              "url": "https://files.pythonhosted.org/packages/bf/ba/ae4480bc0292d54b85cfb954e9d6bd226982949f8316338677d56541b85f/pydantic_core-2.27.1-cp313-cp313-musllinux_1_1_aarch64.whl"
            },
            {
              "algorithm": "sha256",
              "hash": "992cea5f4f3b29d6b4f7f1726ed8ee46c8331c6b4eed6db5b40134c6fe1768bb",
              "url": "https://files.pythonhosted.org/packages/d5/ca/3370074ad758b04d9562b12ecdb088597f4d9d13893a48a583fb47682cdf/pydantic_core-2.27.1-cp312-cp312-manylinux_2_17_ppc64le.manylinux2014_ppc64le.whl"
            },
            {
              "algorithm": "sha256",
              "hash": "f4e5658dbffe8843a0f12366a4c2d1c316dbe09bb4dfbdc9d2d9cd6031de8aae",
              "url": "https://files.pythonhosted.org/packages/d8/36/eb8697729725bc610fd73940f0d860d791dc2ad557faaefcbb3edbd2b349/pydantic_core-2.27.1-cp312-cp312-musllinux_1_1_x86_64.whl"
            },
            {
              "algorithm": "sha256",
              "hash": "764be71193f87d460a03f1f7385a82e226639732214b402f9aa61f0d025f0737",
              "url": "https://files.pythonhosted.org/packages/e3/f3/363652651779113189cefdbbb619b7b07b7a67ebb6840325117cc8cc3460/pydantic_core-2.27.1-cp313-cp313-manylinux_2_17_armv7l.manylinux2014_armv7l.whl"
            },
            {
              "algorithm": "sha256",
              "hash": "3bbd5d8cc692616d5ef6fbbbd50dbec142c7e6ad9beb66b78a96e9c16729b089",
              "url": "https://files.pythonhosted.org/packages/f1/f4/b2fe73241da2429400fc27ddeaa43e35562f96cf5b67499b2de52b528cad/pydantic_core-2.27.1-cp312-cp312-manylinux_2_5_i686.manylinux1_i686.whl"
            },
            {
              "algorithm": "sha256",
              "hash": "e1f735dc43da318cad19b4173dd1ffce1d84aafd6c9b782b3abc04a0d5a6f5bb",
              "url": "https://files.pythonhosted.org/packages/f2/a9/0eaceeba41b9fad851a4107e0cf999a34ae8f0d0d1f829e2574f3d8897b0/pydantic_core-2.27.1-cp312-cp312-musllinux_1_1_armv7l.whl"
            }
          ],
          "project_name": "pydantic-core",
          "requires_dists": [
            "typing-extensions!=4.7.0,>=4.6.0"
          ],
          "requires_python": ">=3.8",
          "version": "2.27.1"
        },
        {
          "artifacts": [
            {
              "algorithm": "sha256",
              "hash": "7fb0637c786a558d3103436278a7c4f1cfd29ba8973238a50c5bb9a55387da87",
              "url": "https://files.pythonhosted.org/packages/5e/f9/ff95fd7d760af42f647ea87f9b8a383d891cdb5e5dbd4613edaeb094252a/pydantic_settings-2.6.1-py3-none-any.whl"
            },
            {
              "algorithm": "sha256",
              "hash": "e0f92546d8a9923cb8941689abf85d6601a8c19a23e97a34b2964a2e3f813ca0",
              "url": "https://files.pythonhosted.org/packages/b5/d4/9dfbe238f45ad8b168f5c96ee49a3df0598ce18a0795a983b419949ce65b/pydantic_settings-2.6.1.tar.gz"
            }
          ],
          "project_name": "pydantic-settings",
          "requires_dists": [
            "azure-identity>=1.16.0; extra == \"azure-key-vault\"",
            "azure-keyvault-secrets>=4.8.0; extra == \"azure-key-vault\"",
            "pydantic>=2.7.0",
            "python-dotenv>=0.21.0",
            "pyyaml>=6.0.1; extra == \"yaml\"",
            "tomli>=2.0.1; extra == \"toml\""
          ],
          "requires_python": ">=3.8",
          "version": "2.6.1"
        },
        {
          "artifacts": [
            {
              "algorithm": "sha256",
              "hash": "a6853c7375b2663155079443d2e45de913a911a11d669df02a50814944db57b2",
              "url": "https://files.pythonhosted.org/packages/6b/77/7440a06a8ead44c7757a64362dd22df5760f9b12dc5f11b6188cd2fc27a0/pytest-8.3.3-py3-none-any.whl"
            },
            {
              "algorithm": "sha256",
              "hash": "70b98107bd648308a7952b06e6ca9a50bc660be218d53c257cc1fc94fda10181",
              "url": "https://files.pythonhosted.org/packages/8b/6c/62bbd536103af674e227c41a8f3dcd022d591f6eed5facb5a0f31ee33bbc/pytest-8.3.3.tar.gz"
            }
          ],
          "project_name": "pytest",
          "requires_dists": [
            "argcomplete; extra == \"dev\"",
            "attrs>=19.2; extra == \"dev\"",
            "colorama; sys_platform == \"win32\"",
            "exceptiongroup>=1.0.0rc8; python_version < \"3.11\"",
            "hypothesis>=3.56; extra == \"dev\"",
            "iniconfig",
            "mock; extra == \"dev\"",
            "packaging",
            "pluggy<2,>=1.5",
            "pygments>=2.7.2; extra == \"dev\"",
            "requests; extra == \"dev\"",
            "setuptools; extra == \"dev\"",
            "tomli>=1; python_version < \"3.11\"",
            "xmlschema; extra == \"dev\""
          ],
          "requires_python": ">=3.8",
          "version": "8.3.3"
        },
        {
          "artifacts": [
            {
              "algorithm": "sha256",
              "hash": "a811296ed596b69bf0b6f3dc40f83bcaf341b155a269052d82efa2b25ac7037b",
              "url": "https://files.pythonhosted.org/packages/96/31/6607dab48616902f76885dfcf62c08d929796fc3b2d2318faf9fd54dbed9/pytest_asyncio-0.24.0-py3-none-any.whl"
            },
            {
              "algorithm": "sha256",
              "hash": "d081d828e576d85f875399194281e92bf8a68d60d72d1a2faf2feddb6c46b276",
              "url": "https://files.pythonhosted.org/packages/52/6d/c6cf50ce320cf8611df7a1254d86233b3df7cc07f9b5f5cbcb82e08aa534/pytest_asyncio-0.24.0.tar.gz"
            }
          ],
          "project_name": "pytest-asyncio",
          "requires_dists": [
            "coverage>=6.2; extra == \"testing\"",
            "hypothesis>=5.7.1; extra == \"testing\"",
            "pytest<9,>=8.2",
            "sphinx-rtd-theme>=1.0; extra == \"docs\"",
            "sphinx>=5.3; extra == \"docs\""
          ],
          "requires_python": ">=3.8",
          "version": "0.24.0"
        },
        {
          "artifacts": [
            {
              "algorithm": "sha256",
              "hash": "a8b2bc7bffae282281c8140a97d3aa9c14da0b136dfe83f850eea9a5f7470427",
              "url": "https://files.pythonhosted.org/packages/ec/57/56b9bcc3c9c6a792fcbaf139543cee77261f3651ca9da0c93f5c1221264b/python_dateutil-2.9.0.post0-py2.py3-none-any.whl"
            },
            {
              "algorithm": "sha256",
              "hash": "37dd54208da7e1cd875388217d5e00ebd4179249f90fb72437e91a35459a0ad3",
              "url": "https://files.pythonhosted.org/packages/66/c0/0c8b6ad9f17a802ee498c46e004a0eb49bc148f2fd230864601a86dcf6db/python-dateutil-2.9.0.post0.tar.gz"
            }
          ],
          "project_name": "python-dateutil",
          "requires_dists": [
            "six>=1.5"
          ],
          "requires_python": "!=3.0.*,!=3.1.*,!=3.2.*,>=2.7",
          "version": "2.9.0.post0"
        },
        {
          "artifacts": [
            {
              "algorithm": "sha256",
              "hash": "f7b63ef50f1b690dddf550d03497b66d609393b40b564ed0d674909a68ebf16a",
              "url": "https://files.pythonhosted.org/packages/6a/3e/b68c118422ec867fa7ab88444e1274aa40681c606d59ac27de5a5588f082/python_dotenv-1.0.1-py3-none-any.whl"
            },
            {
              "algorithm": "sha256",
              "hash": "e324ee90a023d808f1959c46bcbc04446a10ced277783dc6ee09987c37ec10ca",
              "url": "https://files.pythonhosted.org/packages/bc/57/e84d88dfe0aec03b7a2d4327012c1627ab5f03652216c63d49846d7a6c58/python-dotenv-1.0.1.tar.gz"
            }
          ],
          "project_name": "python-dotenv",
          "requires_dists": [
            "click>=5.0; extra == \"cli\""
          ],
          "requires_python": ">=3.8",
          "version": "1.0.1"
        },
        {
          "artifacts": [
            {
              "algorithm": "sha256",
              "hash": "8abb2f1d86890a2dfb989f9a77cfcfd3e47c2a354b01111771326f8aa26e0254",
              "url": "https://files.pythonhosted.org/packages/d9/5a/e7c31adbe875f2abbb91bd84cf2dc52d792b5a01506781dbcf25c91daf11/six-1.16.0-py2.py3-none-any.whl"
            },
            {
              "algorithm": "sha256",
              "hash": "1e61c37477a1626458e36f7b1d82aa5c9b094fa4802892072e49de9c60c4c926",
              "url": "https://files.pythonhosted.org/packages/71/39/171f1c67cd00715f190ba0b100d606d440a28c93c7714febeca8b79af85e/six-1.16.0.tar.gz"
            }
          ],
          "project_name": "six",
          "requires_dists": [],
          "requires_python": "!=3.0.*,!=3.1.*,!=3.2.*,>=2.7",
          "version": "1.16.0"
        },
        {
          "artifacts": [
            {
              "algorithm": "sha256",
              "hash": "2f6da418d1f1e0fddd844478f41680e794e6051915791a034ff65e5f100525a2",
              "url": "https://files.pythonhosted.org/packages/e9/44/75a9c9421471a6c4805dbf2356f7c181a29c1879239abab1ea2cc8f38b40/sniffio-1.3.1-py3-none-any.whl"
            },
            {
              "algorithm": "sha256",
              "hash": "f4324edc670a0f49750a81b895f35c3adb843cca46f0530f79fc1babb23789dc",
              "url": "https://files.pythonhosted.org/packages/a2/87/a6771e1546d97e7e041b6ae58d80074f81b7d5121207425c964ddf5cfdbd/sniffio-1.3.1.tar.gz"
            }
          ],
          "project_name": "sniffio",
          "requires_dists": [],
          "requires_python": ">=3.7",
          "version": "1.3.1"
        },
        {
          "artifacts": [
            {
              "algorithm": "sha25
              "hash": "44cedb2b7c77a9de33a8b74b2b90e9f50d11fcf25d8270ea525ad71a25374ff7",
              "url": "https://files.pythonhosted.org/packages/96/00/2b325970b3060c7cecebab6d295afe763365822b1306a12eeab198f74323/starlette-0.41.3-py3-none-any.whl"
            },
            {
              "algorithm": "sha256",
              "hash": "0e4ab3d16522a255be6b28260b938eae2482f98ce5cc934cb08dce8dc3ba5835",
              "url": "https://files.pythonhosted.org/packages/1a/4c/9b5764bd22eec91c4039ef4c55334e9187085da2d8a2df7bd570869aae18/starlette-0.41.3.tar.gz"
            }
          ],
          "project_name": "starlette",
          "requires_dists": [
            "anyio<5,>=3.4.0",
            "httpx>=0.22.0; extra == \"full\"",
            "itsdangerous; extra == \"full\"",
            "jinja2; extra == \"full\"",
            "python-multipart>=0.0.7; extra == \"full\"",
            "pyyaml; extra == \"full\"",
            "typing-extensions>=3.10.0; python_version < \"3.10\""
          ],
          "requires_python": ">=3.8",
          "version": "0.41.3"
        },
        {
          "artifacts": [
            {
              "algorithm": "sha256",
              "hash": "04e5ca0351e0f3f85c6853954072df659d0d13fac324d0072316b67d7794700d",
              "url": "https://files.pythonhosted.org/packages/26/9f/ad63fc0248c5379346306f8668cda6e2e2e9c95e01216d2b8ffd9ff037d0/typing_extensions-4.12.2-py3-none-any.whl"
            },
            {
              "algorithm": "sha256",
              "hash": "1a7ead55c7e559dd4dee8856e3a88b41225abfe1ce8df57b7c13915fe121ffb8",
              "url": "https://files.pythonhosted.org/packages/df/db/f35a00659bc03fec321ba8bce9420de607a1d37f8342eee1863174c69557/typing_extensions-4.12.2.tar.gz"
            }
          ],
          "project_name": "typing-extensions",
          "requires_dists": [],
          "requires_python": ">=3.8",
          "version": "4.12.2"
        },
        {
          "artifacts": [
            {
              "algorithm": "sha256",
              "hash": "82ad92fd58da0d12af7482ecdb5f2470a04c9c9a53ced65b9bbb4a205377602e",
              "url": "https://files.pythonhosted.org/packages/50/c1/2d27b0a15826c2b71dcf6e2f5402181ef85acf439617bb2f1453125ce1f3/uvicorn-0.32.1-py3-none-any.whl"
            },
            {
              "algorithm": "sha256",
              "hash": "ee9519c246a72b1c084cea8d3b44ed6026e78a4a309cbedae9c37e4cb9fbb175",
              "url": "https://files.pythonhosted.org/packages/6a/3c/21dba3e7d76138725ef307e3d7ddd29b763119b3aa459d02cc05fefcff75/uvicorn-0.32.1.tar.gz"
            }
          ],
          "project_name": "uvicorn",
          "requires_dists": [
            "click>=7.0",
            "colorama>=0.4; sys_platform == \"win32\" and extra == \"standard\"",
            "h11>=0.8",
            "httptools>=0.6.3; extra == \"standard\"",
            "python-dotenv>=0.13; extra == \"standard\"",
            "pyyaml>=5.1; extra == \"standard\"",
            "typing-extensions>=4.0; python_version < \"3.11\"",
            "uvloop!=0.15.0,!=0.15.1,>=0.14.0; (sys_platform != \"win32\" and (sys_platform != \"cygwin\" and platform_python_implementation != \"PyPy\")) and extra == \"standard\"",
            "watchfiles>=0.13; extra == \"standard\"",
            "websockets>=10.4; extra == \"standard\""
          ],
          "requires_python": ">=3.8",
          "version": "0.32.1"
        }
      ],
      "platform_tag": null
    }
  ],
  "only_builds": [],
  "only_wheels": [],
  "path_mappings": {},
  "pex_version": "2.3.1",
  "pip_version": "24.0",
  "prefer_older_binary": false,
  "requirements": [
    "faker<34.0.0,>=33.0.0",
    "fastapi<0.116.0,>=0.115.5",
    "punq<0.8.0,>=0.7.0",
    "pydantic-settings<3.0.0,>=2.6.1",
    "pytest-asyncio<0.25.0,>=0.24.0",
    "pytest<9.0.0,>=8.3.3",
    "uvicorn[all]<0.33.0,>=0.32.0"
  ],
  "requires_python": [
    ">=3.12"
  ],
  "resolver_version": "pip-2020-resolver",
  "style": "universal",
  "target_systems": [
    "linux",
    "mac"
  ],
  "transitive": true,
  "use_pep517": null
}
